
Microsoft Visual Studio Solution File, Format Version 12.00
# Visual Studio Version 17
VisualStudioVersion = 17.6.33829.357
MinimumVisualStudioVersion = 10.0.40219.1
Project("{FAE04EC0-301F-11D3-BF4B-00C04F79EFBC}") = "Assignment-1", "Assignment-1.csproj", "{FC1A6AED-CFD1-4385-9147-31295CE33929}"
EndProject
Global
	GlobalSection(SolutionConfigurationPlatforms) = preSolution
		Debug|Any CPU = Debug|Any CPU
		Release|Any CPU = Release|Any CPU
	EndGlobalSection
	GlobalSection(ProjectConfigurationPlatforms) = postSolution
		{FC1A6AED-CFD1-4385-9147-31295CE33929}.Debug|Any CPU.ActiveCfg = Debug|Any CPU
		{FC1A6AED-CFD1-4385-9147-31295CE33929}.Debug|Any CPU.Build.0 = Debug|Any CPU
		{FC1A6AED-CFD1-4385-9147-31295CE33929}.Release|Any CPU.ActiveCfg = Release|Any CPU
		{FC1A6AED-CFD1-4385-9147-31295CE33929}.Release|Any CPU.Build.0 = Release|Any CPU
	EndGlobalSection
	GlobalSection(SolutionProperties) = preSolution
		HideSolutionNode = FALSE
	EndGlobalSection
	GlobalSection(ExtensibilityGlobals) = postSolution
		SolutionGuid = {8F45F0AE-EA37-4FED-B252-0B25A123C3CD}
	EndGlobalSection
EndGlobal
